
Microsoft Visual Studio Solution File, Format Version 12.00
# Visual Studio Version 16
VisualStudioVersion = 16.0.32901.82
MinimumVisualStudioVersion = 10.0.40219.1
Project("{FAE04EC0-301F-11D3-BF4B-00C04F79EFBC}") = "ArraysAndLists", "ArraysAndLists.csproj", "{69DF09F8-A165-4652-925A-FE996A8134EC}"
EndProject
Global
	GlobalSection(SolutionConfigurationPlatforms) = preSolution
		Debug|Any CPU = Debug|Any CPU
		Release|Any CPU = Release|Any CPU
	EndGlobalSection
	GlobalSection(ProjectConfigurationPlatforms) = postSolution
		{69DF09F8-A165-4652-925A-FE996A8134EC}.Debug|Any CPU.ActiveCfg = Debug|Any CPU
		{69DF09F8-A165-4652-925A-FE996A8134EC}.Debug|Any CPU.Build.0 = Debug|Any CPU
		{69DF09F8-A165-4652-925A-FE996A8134EC}.Release|Any CPU.ActiveCfg = Release|Any CPU
		{69DF09F8-A165-4652-925A-FE996A8134EC}.Release|Any CPU.Build.0 = Release|Any CPU
	EndGlobalSection
	GlobalSection(SolutionProperties) = preSolution
		HideSolutionNode = FALSE
	EndGlobalSection
	GlobalSection(ExtensibilityGlobals) = postSolution
		SolutionGuid = {C5B36F6C-A281-4EB9-B97C-1DD699C6E5E2}
	EndGlobalSection
EndGlobal
