
Microsoft Visual Studio Solution File, Format Version 12.00
# Visual Studio Version 16
VisualStudioVersion = 16.0.32901.82
MinimumVisualStudioVersion = 10.0.40219.1
Project("{FAE04EC0-301F-11D3-BF4B-00C04F79EFBC}") = "DateTimeAssignment", "DateTimeAssignment.csproj", "{16A2F95A-5303-4098-BCE9-0F144D875FF9}"
EndProject
Global
	GlobalSection(SolutionConfigurationPlatforms) = preSolution
		Debug|Any CPU = Debug|Any CPU
		Release|Any CPU = Release|Any CPU
	EndGlobalSection
	GlobalSection(ProjectConfigurationPlatforms) = postSolution
		{16A2F95A-5303-4098-BCE9-0F144D875FF9}.Debug|Any CPU.ActiveCfg = Debug|Any CPU
		{16A2F95A-5303-4098-BCE9-0F144D875FF9}.Debug|Any CPU.Build.0 = Debug|Any CPU
		{16A2F95A-5303-4098-BCE9-0F144D875FF9}.Release|Any CPU.ActiveCfg = Release|Any CPU
		{16A2F95A-5303-4098-BCE9-0F144D875FF9}.Release|Any CPU.Build.0 = Release|Any CPU
	EndGlobalSection
	GlobalSection(SolutionProperties) = preSolution
		HideSolutionNode = FALSE
	EndGlobalSection
	GlobalSection(ExtensibilityGlobals) = postSolution
		SolutionGuid = {771D1FC8-2EB7-467C-A81E-B86C9A73C53C}
	EndGlobalSection
EndGlobal
