
Microsoft Visual Studio Solution File, Format Version 12.00
# Visual Studio Version 16
VisualStudioVersion = 16.0.32901.82
MinimumVisualStudioVersion = 10.0.40219.1
Project("{FAE04EC0-301F-11D3-BF4B-00C04F79EFBC}") = "MathApplicationStep185", "MathApplicationStep185.csproj", "{D68A3049-367D-4665-A262-158EC4DE57B5}"
EndProject
Global
	GlobalSection(SolutionConfigurationPlatforms) = preSolution
		Debug|Any CPU = Debug|Any CPU
		Release|Any CPU = Release|Any CPU
	EndGlobalSection
	GlobalSection(ProjectConfigurationPlatforms) = postSolution
		{D68A3049-367D-4665-A262-158EC4DE57B5}.Debug|Any CPU.ActiveCfg = Debug|Any CPU
		{D68A3049-367D-4665-A262-158EC4DE57B5}.Debug|Any CPU.Build.0 = Debug|Any CPU
		{D68A3049-367D-4665-A262-158EC4DE57B5}.Release|Any CPU.ActiveCfg = Release|Any CPU
		{D68A3049-367D-4665-A262-158EC4DE57B5}.Release|Any CPU.Build.0 = Release|Any CPU
	EndGlobalSection
	GlobalSection(SolutionProperties) = preSolution
		HideSolutionNode = FALSE
	EndGlobalSection
	GlobalSection(ExtensibilityGlobals) = postSolution
		SolutionGuid = {F3D7D04F-BB8B-4235-AF4F-F2E56724FBEE}
	EndGlobalSection
EndGlobal
