
Microsoft Visual Studio Solution File, Format Version 12.00
# Visual Studio Version 16
VisualStudioVersion = 16.0.32901.82
MinimumVisualStudioVersion = 10.0.40219.1
Project("{FAE04EC0-301F-11D3-BF4B-00C04F79EFBC}") = "TwentyOne2", "TwentyOne2.csproj", "{95D7AA8A-E214-40BF-93C5-A26F71A58AFC}"
EndProject
Global
	GlobalSection(SolutionConfigurationPlatforms) = preSolution
		Debug|Any CPU = Debug|Any CPU
		Release|Any CPU = Release|Any CPU
	EndGlobalSection
	GlobalSection(ProjectConfigurationPlatforms) = postSolution
		{95D7AA8A-E214-40BF-93C5-A26F71A58AFC}.Debug|Any CPU.ActiveCfg = Debug|Any CPU
		{95D7AA8A-E214-40BF-93C5-A26F71A58AFC}.Debug|Any CPU.Build.0 = Debug|Any CPU
		{95D7AA8A-E214-40BF-93C5-A26F71A58AFC}.Release|Any CPU.ActiveCfg = Release|Any CPU
		{95D7AA8A-E214-40BF-93C5-A26F71A58AFC}.Release|Any CPU.Build.0 = Release|Any CPU
	EndGlobalSection
	GlobalSection(SolutionProperties) = preSolution
		HideSolutionNode = FALSE
	EndGlobalSection
	GlobalSection(ExtensibilityGlobals) = postSolution
		SolutionGuid = {88C60E2D-6CE8-4A2E-A8BF-2DF9AE544D8A}
	EndGlobalSection
EndGlobal
