
Microsoft Visual Studio Solution File, Format Version 12.00
# Visual Studio Version 16
VisualStudioVersion = 16.0.32901.82
MinimumVisualStudioVersion = 10.0.40219.1
Project("{FAE04EC0-301F-11D3-BF4B-00C04F79EFBC}") = "MethodsClassesStep285", "MethodsClassesStep285.csproj", "{452A00C6-AF91-402D-A31C-51A67E376269}"
EndProject
Global
	GlobalSection(SolutionConfigurationPlatforms) = preSolution
		Debug|Any CPU = Debug|Any CPU
		Release|Any CPU = Release|Any CPU
	EndGlobalSection
	GlobalSection(ProjectConfigurationPlatforms) = postSolution
		{452A00C6-AF91-402D-A31C-51A67E376269}.Debug|Any CPU.ActiveCfg = Debug|Any CPU
		{452A00C6-AF91-402D-A31C-51A67E376269}.Debug|Any CPU.Build.0 = Debug|Any CPU
		{452A00C6-AF91-402D-A31C-51A67E376269}.Release|Any CPU.ActiveCfg = Release|Any CPU
		{452A00C6-AF91-402D-A31C-51A67E376269}.Release|Any CPU.Build.0 = Release|Any CPU
	EndGlobalSection
	GlobalSection(SolutionProperties) = preSolution
		HideSolutionNode = FALSE
	EndGlobalSection
	GlobalSection(ExtensibilityGlobals) = postSolution
		SolutionGuid = {E2BDA444-6A45-488E-9512-C394B82B6F17}
	EndGlobalSection
EndGlobal
