
Microsoft Visual Studio Solution File, Format Version 12.00
# Visual Studio Version 16
VisualStudioVersion = 16.0.33027.164
MinimumVisualStudioVersion = 10.0.40219.1
Project("{FAE04EC0-301F-11D3-BF4B-00C04F79EFBC}") = "CarInsurance", "CarInsurance.csproj", "{97E0B764-B127-4E97-9339-9ED3FDAAAEE5}"
EndProject
Global
	GlobalSection(SolutionConfigurationPlatforms) = preSolution
		Debug|Any CPU = Debug|Any CPU
		Release|Any CPU = Release|Any CPU
	EndGlobalSection
	GlobalSection(ProjectConfigurationPlatforms) = postSolution
		{97E0B764-B127-4E97-9339-9ED3FDAAAEE5}.Debug|Any CPU.ActiveCfg = Debug|Any CPU
		{97E0B764-B127-4E97-9339-9ED3FDAAAEE5}.Debug|Any CPU.Build.0 = Debug|Any CPU
		{97E0B764-B127-4E97-9339-9ED3FDAAAEE5}.Release|Any CPU.ActiveCfg = Release|Any CPU
		{97E0B764-B127-4E97-9339-9ED3FDAAAEE5}.Release|Any CPU.Build.0 = Release|Any CPU
	EndGlobalSection
	GlobalSection(SolutionProperties) = preSolution
		HideSolutionNode = FALSE
	EndGlobalSection
	GlobalSection(ExtensibilityGlobals) = postSolution
		SolutionGuid = {39596D32-C264-4E7D-8415-9E49F9D27022}
	EndGlobalSection
EndGlobal
