
Microsoft Visual Studio Solution File, Format Version 12.00
# Visual Studio Version 16
VisualStudioVersion = 16.0.32901.82
MinimumVisualStudioVersion = 10.0.40219.1
Project("{FAE04EC0-301F-11D3-BF4B-00C04F79EFBC}") = "Loops", "Loops.csproj", "{84192588-D547-42E2-AFB4-2412C5D341C7}"
EndProject
Global
	GlobalSection(SolutionConfigurationPlatforms) = preSolution
		Debug|Any CPU = Debug|Any CPU
		Release|Any CPU = Release|Any CPU
	EndGlobalSection
	GlobalSection(ProjectConfigurationPlatforms) = postSolution
		{84192588-D547-42E2-AFB4-2412C5D341C7}.Debug|Any CPU.ActiveCfg = Debug|Any CPU
		{84192588-D547-42E2-AFB4-2412C5D341C7}.Debug|Any CPU.Build.0 = Debug|Any CPU
		{84192588-D547-42E2-AFB4-2412C5D341C7}.Release|Any CPU.ActiveCfg = Release|Any CPU
		{84192588-D547-42E2-AFB4-2412C5D341C7}.Release|Any CPU.Build.0 = Release|Any CPU
	EndGlobalSection
	GlobalSection(SolutionProperties) = preSolution
		HideSolutionNode = FALSE
	EndGlobalSection
	GlobalSection(ExtensibilityGlobals) = postSolution
		SolutionGuid = {FF1E4240-9A5B-4831-A9EF-63C6EE6C1109}
	EndGlobalSection
EndGlobal
