
Microsoft Visual Studio Solution File, Format Version 12.00
# Visual Studio Version 16
VisualStudioVersion = 16.0.32901.82
MinimumVisualStudioVersion = 10.0.40219.1
Project("{FAE04EC0-301F-11D3-BF4B-00C04F79EFBC}") = "ExceptionHandling", "ExceptionHandling.csproj", "{5227A919-F39A-4C4A-AD58-BF9D57B069CF}"
EndProject
Global
	GlobalSection(SolutionConfigurationPlatforms) = preSolution
		Debug|Any CPU = Debug|Any CPU
		Release|Any CPU = Release|Any CPU
	EndGlobalSection
	GlobalSection(ProjectConfigurationPlatforms) = postSolution
		{5227A919-F39A-4C4A-AD58-BF9D57B069CF}.Debug|Any CPU.ActiveCfg = Debug|Any CPU
		{5227A919-F39A-4C4A-AD58-BF9D57B069CF}.Debug|Any CPU.Build.0 = Debug|Any CPU
		{5227A919-F39A-4C4A-AD58-BF9D57B069CF}.Release|Any CPU.ActiveCfg = Release|Any CPU
		{5227A919-F39A-4C4A-AD58-BF9D57B069CF}.Release|Any CPU.Build.0 = Release|Any CPU
	EndGlobalSection
	GlobalSection(SolutionProperties) = preSolution
		HideSolutionNode = FALSE
	EndGlobalSection
	GlobalSection(ExtensibilityGlobals) = postSolution
		SolutionGuid = {50EB8CE7-EF8F-4FA7-88C8-ABF3D7E43D96}
	EndGlobalSection
EndGlobal
